
Microsoft Visual Studio Solution File, Format Version 12.00
# Visual Studio 2012
Project("{FAE04EC0-301F-11D3-BF4B-00C04F79EFBC}") = "RCT2Browser", "RCT2Browser\RCT2Browser.csproj", "{CFF13583-CB6D-4FF6-9273-917E056F6ECF}"
EndProject
Project("{FAE04EC0-301F-11D3-BF4B-00C04F79EFBC}") = "CustomControls", "CustomControls\CustomControls.csproj", "{B278983B-B66A-4ADD-84A4-DFF9120633F0}"
EndProject
Project("{FAE04EC0-301F-11D3-BF4B-00C04F79EFBC}") = "RCT2GraphicsExtractor", "RCT2GraphicsExtractor\RCT2GraphicsExtractor.csproj", "{D260A35B-12BB-442C-BC5E-6AB05A5A6088}"
EndProject
Project("{FAE04EC0-301F-11D3-BF4B-00C04F79EFBC}") = "RCT2PaletteConverter", "RCT2PaletteConverter\RCT2PaletteConverter.csproj", "{74D9236D-949E-40CA-84EE-7B6F6411B0C1}"
EndProject
Project("{FAE04EC0-301F-11D3-BF4B-00C04F79EFBC}") = "RCT2WaterCreator", "RCT2WaterCreator\RCT2WaterCreator.csproj", "{9F4B16C1-CAEA-4A27-B788-B26241272AAA}"
EndProject
Project("{FAE04EC0-301F-11D3-BF4B-00C04F79EFBC}") = "RCT2GroupCreator", "RCT2GroupCreator\RCT2GroupCreator.csproj", "{158E2B9B-3A6E-4A0D-8A86-97E0FA9FAFFF}"
EndProject
Project("{FAE04EC0-301F-11D3-BF4B-00C04F79EFBC}") = "ObjectData", "ObjectData\ObjectData.csproj", "{556C9DBF-1A2E-46FE-9EFA-0E0E54E6549E}"
EndProject
Project("{FAE04EC0-301F-11D3-BF4B-00C04F79EFBC}") = "RCT2MazeGenerator", "RCT2MazeGenerator\RCT2MazeGenerator.csproj", "{B087FFDA-E9DB-4B43-96B8-119BA589E07B}"
EndProject
Project("{FAE04EC0-301F-11D3-BF4B-00C04F79EFBC}") = "RCT2MusicManager", "RCT2MusicManager\RCT2MusicManager.csproj", "{284CA69E-EA28-4594-826B-762FC9C5DE15}"
EndProject
Project("{FAE04EC0-301F-11D3-BF4B-00C04F79EFBC}") = "RCT2AudioExtractor", "RCT2AudioExtractor\RCT2AudioExtractor.csproj", "{84FAA43A-F0C6-467F-8EF3-91CC7AE523ED}"
EndProject
Project("{FAE04EC0-301F-11D3-BF4B-00C04F79EFBC}") = "OpenRCT2Steam", "OpenRCT2Steam\OpenRCT2Steam.csproj", "{B26152D6-BAB2-461A-A847-628FC1A81D1E}"
EndProject
Global
	GlobalSection(SolutionConfigurationPlatforms) = preSolution
		Debug|Any CPU = Debug|Any CPU
		Release|Any CPU = Release|Any CPU
	EndGlobalSection
	GlobalSection(ProjectConfigurationPlatforms) = postSolution
		{CFF13583-CB6D-4FF6-9273-917E056F6ECF}.Debug|Any CPU.ActiveCfg = Debug|Any CPU
		{CFF13583-CB6D-4FF6-9273-917E056F6ECF}.Debug|Any CPU.Build.0 = Debug|Any CPU
		{CFF13583-CB6D-4FF6-9273-917E056F6ECF}.Release|Any CPU.ActiveCfg = Release|Any CPU
		{CFF13583-CB6D-4FF6-9273-917E056F6ECF}.Release|Any CPU.Build.0 = Release|Any CPU
		{B278983B-B66A-4ADD-84A4-DFF9120633F0}.Debug|Any CPU.ActiveCfg = Debug|Any CPU
		{B278983B-B66A-4ADD-84A4-DFF9120633F0}.Debug|Any CPU.Build.0 = Debug|Any CPU
		{B278983B-B66A-4ADD-84A4-DFF9120633F0}.Release|Any CPU.ActiveCfg = Release|Any CPU
		{B278983B-B66A-4ADD-84A4-DFF9120633F0}.Release|Any CPU.Build.0 = Release|Any CPU
		{D260A35B-12BB-442C-BC5E-6AB05A5A6088}.Debug|Any CPU.ActiveCfg = Debug|Any CPU
		{D260A35B-12BB-442C-BC5E-6AB05A5A6088}.Debug|Any CPU.Build.0 = Debug|Any CPU
		{D260A35B-12BB-442C-BC5E-6AB05A5A6088}.Release|Any CPU.ActiveCfg = Release|Any CPU
		{D260A35B-12BB-442C-BC5E-6AB05A5A6088}.Release|Any CPU.Build.0 = Release|Any CPU
		{74D9236D-949E-40CA-84EE-7B6F6411B0C1}.Debug|Any CPU.ActiveCfg = Debug|Any CPU
		{74D9236D-949E-40CA-84EE-7B6F6411B0C1}.Debug|Any CPU.Build.0 = Debug|Any CPU
		{74D9236D-949E-40CA-84EE-7B6F6411B0C1}.Release|Any CPU.ActiveCfg = Release|Any CPU
		{74D9236D-949E-40CA-84EE-7B6F6411B0C1}.Release|Any CPU.Build.0 = Release|Any CPU
		{9F4B16C1-CAEA-4A27-B788-B26241272AAA}.Debug|Any CPU.ActiveCfg = Debug|Any CPU
		{9F4B16C1-CAEA-4A27-B788-B26241272AAA}.Debug|Any CPU.Build.0 = Debug|Any CPU
		{9F4B16C1-CAEA-4A27-B788-B26241272AAA}.Release|Any CPU.ActiveCfg = Release|Any CPU
		{9F4B16C1-CAEA-4A27-B788-B26241272AAA}.Release|Any CPU.Build.0 = Release|Any CPU
		{158E2B9B-3A6E-4A0D-8A86-97E0FA9FAFFF}.Debug|Any CPU.ActiveCfg = Debug|Any CPU
		{158E2B9B-3A6E-4A0D-8A86-97E0FA9FAFFF}.Debug|Any CPU.Build.0 = Debug|Any CPU
		{158E2B9B-3A6E-4A0D-8A86-97E0FA9FAFFF}.Release|Any CPU.ActiveCfg = Release|Any CPU
		{158E2B9B-3A6E-4A0D-8A86-97E0FA9FAFFF}.Release|Any CPU.Build.0 = Release|Any CPU
		{556C9DBF-1A2E-46FE-9EFA-0E0E54E6549E}.Debug|Any CPU.ActiveCfg = Debug|Any CPU
		{556C9DBF-1A2E-46FE-9EFA-0E0E54E6549E}.Debug|Any CPU.Build.0 = Debug|Any CPU
		{556C9DBF-1A2E-46FE-9EFA-0E0E54E6549E}.Release|Any CPU.ActiveCfg = Release|Any CPU
		{556C9DBF-1A2E-46FE-9EFA-0E0E54E6549E}.Release|Any CPU.Build.0 = Release|Any CPU
		{B087FFDA-E9DB-4B43-96B8-119BA589E07B}.Debug|Any CPU.ActiveCfg = Debug|Any CPU
		{B087FFDA-E9DB-4B43-96B8-119BA589E07B}.Debug|Any CPU.Build.0 = Debug|Any CPU
		{B087FFDA-E9DB-4B43-96B8-119BA589E07B}.Release|Any CPU.ActiveCfg = Release|Any CPU
		{B087FFDA-E9DB-4B43-96B8-119BA589E07B}.Release|Any CPU.Build.0 = Release|Any CPU
		{284CA69E-EA28-4594-826B-762FC9C5DE15}.Debug|Any CPU.ActiveCfg = Debug|Any CPU
		{284CA69E-EA28-4594-826B-762FC9C5DE15}.Debug|Any CPU.Build.0 = Debug|Any CPU
		{284CA69E-EA28-4594-826B-762FC9C5DE15}.Release|Any CPU.ActiveCfg = Release|Any CPU
		{284CA69E-EA28-4594-826B-762FC9C5DE15}.Release|Any CPU.Build.0 = Release|Any CPU
		{84FAA43A-F0C6-467F-8EF3-91CC7AE523ED}.Debug|Any CPU.ActiveCfg = Debug|Any CPU
		{84FAA43A-F0C6-467F-8EF3-91CC7AE523ED}.Debug|Any CPU.Build.0 = Debug|Any CPU
		{84FAA43A-F0C6-467F-8EF3-91CC7AE523ED}.Release|Any CPU.ActiveCfg = Release|Any CPU
		{84FAA43A-F0C6-467F-8EF3-91CC7AE523ED}.Release|Any CPU.Build.0 = Release|Any CPU
		{B26152D6-BAB2-461A-A847-628FC1A81D1E}.Debug|Any CPU.ActiveCfg = Debug|Any CPU
		{B26152D6-BAB2-461A-A847-628FC1A81D1E}.Debug|Any CPU.Build.0 = Debug|Any CPU
		{B26152D6-BAB2-461A-A847-628FC1A81D1E}.Release|Any CPU.ActiveCfg = Release|Any CPU
		{B26152D6-BAB2-461A-A847-628FC1A81D1E}.Release|Any CPU.Build.0 = Release|Any CPU
	EndGlobalSection
	GlobalSection(SolutionProperties) = preSolution
		HideSolutionNode = FALSE
	EndGlobalSection
EndGlobal
